# This file is automatically @generated by Cargo.
# It is not intended for manual editing.
version = 4

[[package]]
name = "bjle-engine"
version = "0.1.0"

[[package]]
name = "bjle-mesh"
version = "0.1.0"

[[package]]
name = "bjle-protocol"
version = "0.1.0"

[[package]]
name = "bjle-tui"
version = "0.1.0"

[[package]]
name = "testo"
version = "0.1.0"
